
Microsoft Visual Studio Solution File, Format Version 12.00
# Visual Studio Version 16
VisualStudioVersion = 16.0.29519.181
MinimumVisualStudioVersion = 10.0.40219.1
Project("{FAE04EC0-301F-11D3-BF4B-00C04F79EFBC}") = "DirectoryFind", "DirectoryFind.csproj", "{C5C668E0-7E65-4FB4-8DF9-19B833DB7C1E}"
EndProject
Global
	GlobalSection(SolutionConfigurationPlatforms) = preSolution
		Debug|Any CPU = Debug|Any CPU
		Release|Any CPU = Release|Any CPU
	EndGlobalSection
	GlobalSection(ProjectConfigurationPlatforms) = postSolution
		{C5C668E0-7E65-4FB4-8DF9-19B833DB7C1E}.Debug|Any CPU.ActiveCfg = Debug|Any CPU
		{C5C668E0-7E65-4FB4-8DF9-19B833DB7C1E}.Debug|Any CPU.Build.0 = Debug|Any CPU
		{C5C668E0-7E65-4FB4-8DF9-19B833DB7C1E}.Release|Any CPU.ActiveCfg = Release|Any CPU
		{C5C668E0-7E65-4FB4-8DF9-19B833DB7C1E}.Release|Any CPU.Build.0 = Release|Any CPU
	EndGlobalSection
	GlobalSection(SolutionProperties) = preSolution
		HideSolutionNode = FALSE
	EndGlobalSection
	GlobalSection(ExtensibilityGlobals) = postSolution
		SolutionGuid = {A90AB57D-B6CE-4FA8-95B2-187CED7B4AD9}
	EndGlobalSection
EndGlobal
